
Microsoft Visual Studio Solution File, Format Version 12.00
# Visual Studio Version 16
VisualStudioVersion = 16.0.29230.47
MinimumVisualStudioVersion = 10.0.40219.1
Project("{159641D6-6404-4A2A-AE62-294DE0FE8301}") = "Fuzzy_lookup", "Fuzzy_lookup\Fuzzy_lookup.dtproj", "{D624E474-B40C-4F75-9125-D57C638970AD}"
EndProject
Global
	GlobalSection(SolutionConfigurationPlatforms) = preSolution
		Development|Default = Development|Default
	EndGlobalSection
	GlobalSection(ProjectConfigurationPlatforms) = postSolution
		{D624E474-B40C-4F75-9125-D57C638970AD}.Development|Default.ActiveCfg = Development
		{D624E474-B40C-4F75-9125-D57C638970AD}.Development|Default.Build.0 = Development
	EndGlobalSection
	GlobalSection(SolutionProperties) = preSolution
		HideSolutionNode = FALSE
	EndGlobalSection
	GlobalSection(ExtensibilityGlobals) = postSolution
		SolutionGuid = {64D65E22-E207-40FE-B91B-EF19FA30CC49}
	EndGlobalSection
EndGlobal
